name:       Lock
query:      lock-get-iter
object:     lock

counters:
  lock-info:
    - ^^lockid              => uuid
    - ^lif                  => lif
    - ^lock-state           => state
    - ^node                 => node
    - ^path                 => path
    - ^volume               => volume
    - ^vserver              => svm

collect_only_labels: true

plugins:
  - LabelAgent:
      # metric label zapi_value rest_value `default_value`
      value_to_num_regex:
        - count state .* .* `0`
  - Aggregator:
    # plugin will create summary/average for each object
    # any names after the object names will be treated as
    # label names that will be added to instances
    - node<>lock_node
    - svm<>lock_svm
    - lif<>lock_lif
    - volume<>lock_volume

# only export node/aggr aggregations from plugin
# set this true or comment, to get data for each lock
export_data: false

