name:             Lock
query:            api/protocols/locks
object:           lock

counters:
  - ^^uuid              => uuid
  - ^interface.name     => lif
  - ^node.name          => node
  - ^path               => path
  - ^state              => state
  - ^svm.name           => svm
  - ^volume.name        => volume

plugins:
  - LabelAgent:
      # metric label zapi_value rest_value `default_value`
      value_to_num_regex:
        - count state .* .* `0`
  - Aggregator:
      # plugin will create summary/average for each object
      # any names after the object names will be treated as
      # label names that will be added to instances
      - node
      - svm
      - lif
      - volume

# only export node/aggr aggregations from plugin
# set this true or comment, to get data for each lock
export_data: false